
Microsoft Visual Studio Solution File, Format Version 12.00
# Visual Studio Version 17
VisualStudioVersion = 17.14.36705.20 d17.14
MinimumVisualStudioVersion = 10.0.40219.1
Project("{FAE04EC0-301F-11D3-BF4B-00C04F79EFBC}") = "SchoolSupportPortal", "SchoolSupportPortal.csproj", "{8353A34A-9395-4B1C-B674-C5FE6797B988}"
EndProject
Global
	GlobalSection(SolutionConfigurationPlatforms) = preSolution
		Debug|Any CPU = Debug|Any CPU
		Release|Any CPU = Release|Any CPU
	EndGlobalSection
	GlobalSection(ProjectConfigurationPlatforms) = postSolution
		{8353A34A-9395-4B1C-B674-C5FE6797B988}.Debug|Any CPU.ActiveCfg = Debug|Any CPU
		{8353A34A-9395-4B1C-B674-C5FE6797B988}.Debug|Any CPU.Build.0 = Debug|Any CPU
		{8353A34A-9395-4B1C-B674-C5FE6797B988}.Release|Any CPU.ActiveCfg = Release|Any CPU
		{8353A34A-9395-4B1C-B674-C5FE6797B988}.Release|Any CPU.Build.0 = Release|Any CPU
	EndGlobalSection
	GlobalSection(SolutionProperties) = preSolution
		HideSolutionNode = FALSE
	EndGlobalSection
	GlobalSection(ExtensibilityGlobals) = postSolution
		SolutionGuid = {ECB2C2D4-B119-4FF3-A476-A690B01B6405}
	EndGlobalSection
EndGlobal
